
Microsoft Visual Studio Solution File, Format Version 12.00
# Visual Studio Version 16
VisualStudioVersion = 16.0.32407.337
MinimumVisualStudioVersion = 10.0.40219.1
Project("{FAE04EC0-301F-11D3-BF4B-00C04F79EFBC}") = "06_IteratorDesignPattern", "06_IteratorDesignPattern\06_IteratorDesignPattern.csproj", "{3574071D-B5DA-44E5-B382-110F0DF3939C}"
EndProject
Global
	GlobalSection(SolutionConfigurationPlatforms) = preSolution
		Debug|Any CPU = Debug|Any CPU
		Release|Any CPU = Release|Any CPU
	EndGlobalSection
	GlobalSection(ProjectConfigurationPlatforms) = postSolution
		{3574071D-B5DA-44E5-B382-110F0DF3939C}.Debug|Any CPU.ActiveCfg = Debug|Any CPU
		{3574071D-B5DA-44E5-B382-110F0DF3939C}.Debug|Any CPU.Build.0 = Debug|Any CPU
		{3574071D-B5DA-44E5-B382-110F0DF3939C}.Release|Any CPU.ActiveCfg = Release|Any CPU
		{3574071D-B5DA-44E5-B382-110F0DF3939C}.Release|Any CPU.Build.0 = Release|Any CPU
	EndGlobalSection
	GlobalSection(SolutionProperties) = preSolution
		HideSolutionNode = FALSE
	EndGlobalSection
	GlobalSection(ExtensibilityGlobals) = postSolution
		SolutionGuid = {FB909862-467F-4B8C-B733-F3E89AEAB24D}
	EndGlobalSection
EndGlobal
