
Microsoft Visual Studio Solution File, Format Version 12.00
# Visual Studio Version 16
VisualStudioVersion = 16.0.32407.337
MinimumVisualStudioVersion = 10.0.40219.1
Project("{FAE04EC0-301F-11D3-BF4B-00C04F79EFBC}") = "04_SingleToneDesignPattern", "04_SingleToneDesignPattern\04_SingleToneDesignPattern.csproj", "{4E48859D-BDA1-4FD1-B2B0-98551A4296BC}"
EndProject
Global
	GlobalSection(SolutionConfigurationPlatforms) = preSolution
		Debug|Any CPU = Debug|Any CPU
		Release|Any CPU = Release|Any CPU
	EndGlobalSection
	GlobalSection(ProjectConfigurationPlatforms) = postSolution
		{4E48859D-BDA1-4FD1-B2B0-98551A4296BC}.Debug|Any CPU.ActiveCfg = Debug|Any CPU
		{4E48859D-BDA1-4FD1-B2B0-98551A4296BC}.Debug|Any CPU.Build.0 = Debug|Any CPU
		{4E48859D-BDA1-4FD1-B2B0-98551A4296BC}.Release|Any CPU.ActiveCfg = Release|Any CPU
		{4E48859D-BDA1-4FD1-B2B0-98551A4296BC}.Release|Any CPU.Build.0 = Release|Any CPU
	EndGlobalSection
	GlobalSection(SolutionProperties) = preSolution
		HideSolutionNode = FALSE
	EndGlobalSection
	GlobalSection(ExtensibilityGlobals) = postSolution
		SolutionGuid = {B72A45B0-9481-4036-AD19-18620792F1C5}
	EndGlobalSection
EndGlobal
